// !$*UTF8*$!
{
	archiveVersion = 1;
	classes = {
	};
	objectVersion = 46;
	objects = {

/* Begin PBXBuildFile section */
		FFC47F151F04D5A400D3D24F /* AppDelegate.swift in Sources */ = {isa = PBXBuildFile; fileRef = FFC47F141F04D5A400D3D24F /* AppDelegate.swift */; };
		FFC47F171F04D5A400D3D24F /* ViewController.swift in Sources */ = {isa = PBXBuildFile; fileRef = FFC47F161F04D5A400D3D24F /* ViewController.swift */; };
		FFC47F1A1F04D5A400D3D24F /* Main.storyboard in Resources */ = {isa = PBXBuildFile; fileRef = FFC47F181F04D5A400D3D24F /* Main.storyboard */; };
		FFC47F1C1F04D5A400D3D24F /* Assets.xcassets in Resources */ = {isa = PBXBuildFile; fileRef = FFC47F1B1F04D5A400D3D24F /* Assets.xcassets */; };
		FFC47F1F1F04D5A400D3D24F /* LaunchScreen.storyboard in Resources */ = {isa = PBXBuildFile; fileRef = FFC47F1D1F04D5A400D3D24F /* LaunchScreen.storyboard */; };
		FFC47F2A1F04D5A400D3D24F /* EditAndButtonTests.swift in Sources */ = {isa = PBXBuildFile; fileRef = FFC47F291F04D5A400D3D24F /* EditAndButtonTests.swift */; };
		FFC47F351F04D5A400D3D24F /* EditAndButtonUITests.swift in Sources */ = {isa = PBXBuildFile; fileRef = FFC47F341F04D5A400D3D24F /* EditAndButtonUITests.swift */; };
/* End PBXBuildFile section */

/* Begin PBXContainerItemProxy section */
		FFC47F261F04D5A400D3D24F /* PBXContainerItemProxy */ = {
			isa = PBXContainerItemProxy;
			containerPortal = FFC47F091F04D5A400D3D24F /* Project object */;
			proxyType = 1;
			remoteGlobalIDString = FFC47F101F04D5A400D3D24F;
			remoteInfo = EditAndButton;
		};
		FFC47F311F04D5A400D3D24F /* PBXContainerItemProxy */ = {
			isa = PBXContainerItemProxy;
			containerPortal = FFC47F091F04D5A400D3D24F /* Project object */;
			proxyType = 1;
			remoteGlobalIDString = FFC47F101F04D5A400D3D24F;
			remoteInfo = EditAndButton;
		};
/* End PBXContainerItemProxy section */

/* Begin PBXFileReference section */
		FFC47F111F04D5A400D3D24F /* EditAndButton.app */ = {isa = PBXFileReference; explicitFileType = wrapper.application; includeInIndex = 0; path = EditAndButton.app; sourceTree = BUILT_PRODUCTS_DIR; };
		FFC47F141F04D5A400D3D24F /* AppDelegate.swift */ = {isa = PBXFileReference; lastKnownFileType = sourcecode.swift; path = AppDelegate.swift; sourceTree = "<group>"; };
		FFC47F161F04D5A400D3D24F /* ViewController.swift */ = {isa = PBXFileReference; lastKnownFileType = sourcecode.swift; path = ViewController.swift; sourceTree = "<group>"; };
		FFC47F191F04D5A400D3D24F /* Base */ = {isa = PBXFileReference; lastKnownFileType = file.storyboard; name = Base; path = Base.lproj/Main.storyboard; sourceTree = "<group>"; };
		FFC47F1B1F04D5A400D3D24F /* Assets.xcassets */ = {isa = PBXFileReference; lastKnownFileType = folder.assetcatalog; path = Assets.xcassets; sourceTree = "<group>"; };
		FFC47F1E1F04D5A400D3D24F /* Base */ = {isa = PBXFileReference; lastKnownFileType = file.storyboard; name = Base; path = Base.lproj/LaunchScreen.storyboard; sourceTree = "<group>"; };
		FFC47F201F04D5A400D3D24F /* Info.plist */ = {isa = PBXFileReference; lastKnownFileType = text.plist.xml; path = Info.plist; sourceTree = "<group>"; };
		FFC47F251F04D5A400D3D24F /* EditAndButtonTests.xctest */ = {isa = PBXFileReference; explicitFileType = wrapper.cfbundle; includeInIndex = 0; path = EditAndButtonTests.xctest; sourceTree = BUILT_PRODUCTS_DIR; };
		FFC47F291F04D5A400D3D24F /* EditAndButtonTests.swift */ = {isa = PBXFileReference; lastKnownFileType = sourcecode.swift; path = EditAndButtonTests.swift; sourceTree = "<group>"; };
		FFC47F2B1F04D5A400D3D24F /* Info.plist */ = {isa = PBXFileReference; lastKnownFileType = text.plist.xml; path = Info.plist; sourceTree = "<group>"; };
		FFC47F301F04D5A400D3D24F /* EditAndButtonUITests.xctest */ = {isa = PBXFileReference; explicitFileType = wrapper.cfbundle; includeInIndex = 0; path = EditAndButtonUITests.xctest; sourceTree = BUILT_PRODUCTS_DIR; };
		FFC47F341F04D5A400D3D24F /* EditAndButtonUITests.swift */ = {isa = PBXFileReference; lastKnownFileType = sourcecode.swift; path = EditAndButtonUITests.swift; sourceTree = "<group>"; };
		FFC47F361F04D5A400D3D24F /* Info.plist */ = {isa = PBXFileReference; lastKnownFileType = text.plist.xml; path = Info.plist; sourceTree = "<group>"; };
/* End PBXFileReference section */

/* Begin PBXFrameworksBuildPhase section */
		FFC47F0E1F04D5A400D3D24F /* Frameworks */ = {
			isa = PBXFrameworksBuildPhase;
			buildActionMask = 2147483647;
			files = (
			);
			runOnlyForDeploymentPostprocessing = 0;
		};
		FFC47F221F04D5A400D3D24F /* Frameworks */ = {
			isa = PBXFrameworksBuildPhase;
			buildActionMask = 2147483647;
			files = (
			);
			runOnlyForDeploymentPostprocessing = 0;
		};
		FFC47F2D1F04D5A400D3D24F /* Frameworks */ = {
			isa = PBXFrameworksBuildPhase;
			buildActionMask = 2147483647;
			files = (
			);
			runOnlyForDeploymentPostprocessing = 0;
		};
/* End PBXFrameworksBuildPhase section */

/* Begin PBXGroup section */
		FFC47F081F04D5A400D3D24F = {
			isa = PBXGroup;
			children = (
				FFC47F131F04D5A400D3D24F /* EditAndButton */,
				FFC47F281F04D5A400D3D24F /* EditAndButtonTests */,
				FFC47F331F04D5A400D3D24F /* EditAndButtonUITests */,
				FFC47F121F04D5A400D3D24F /* Products */,
			);
			sourceTree = "<group>";
		};
		FFC47F121F04D5A400D3D24F /* Products */ = {
			isa = PBXGroup;
			children = (
				FFC47F111F04D5A400D3D24F /* EditAndButton.app */,
				FFC47F251F04D5A400D3D24F /* EditAndButtonTests.xctest */,
				FFC47F301F04D5A400D3D24F /* EditAndButtonUITests.xctest */,
			);
			name = Products;
			sourceTree = "<group>";
		};
		FFC47F131F04D5A400D3D24F /* EditAndButton */ = {
			isa = PBXGroup;
			children = (
				FFC47F141F04D5A400D3D24F /* AppDelegate.swift */,
				FFC47F161F04D5A400D3D24F /* ViewController.swift */,
				FFC47F181F04D5A400D3D24F /* Main.storyboard */,
				FFC47F1B1F04D5A400D3D24F /* Assets.xcassets */,
				FFC47F1D1F04D5A400D3D24F /* LaunchScreen.storyboard */,
				FFC47F201F04D5A400D3D24F /* Info.plist */,
			);
			path = EditAndButton;
			sourceTree = "<group>";
		};
		FFC47F281F04D5A400D3D24F /* EditAndButtonTests */ = {
			isa = PBXGroup;
			children = (
				FFC47F291F04D5A400D3D24F /* EditAndButtonTests.swift */,
				FFC47F2B1F04D5A400D3D24F /* Info.plist */,
			);
			path = EditAndButtonTests;
			sourceTree = "<group>";
		};
		FFC47F331F04D5A400D3D24F /* EditAndButtonUITests */ = {
			isa = PBXGroup;
			children = (
				FFC47F341F04D5A400D3D24F /* EditAndButtonUITests.swift */,
				FFC47F361F04D5A400D3D24F /* Info.plist */,
			);
			path = EditAndButtonUITests;
			sourceTree = "<group>";
		};
/* End PBXGroup section */

/* Begin PBXNativeTarget section */
		FFC47F101F04D5A400D3D24F /* EditAndButton */ = {
			isa = PBXNativeTarget;
			buildConfigurationList = FFC47F391F04D5A400D3D24F /* Build configuration list for PBXNativeTarget "EditAndButton" */;
			buildPhases = (
				FFC47F0D1F04D5A400D3D24F /* Sources */,
				FFC47F0E1F04D5A400D3D24F /* Frameworks */,
				FFC47F0F1F04D5A400D3D24F /* Resources */,
			);
			buildRules = (
			);
			dependencies = (
			);
			name = EditAndButton;
			productName = EditAndButton;
			productReference = FFC47F111F04D5A400D3D24F /* EditAndButton.app */;
			productType = "com.apple.product-type.application";
		};
		FFC47F241F04D5A400D3D24F /* EditAndButtonTests */ = {
			isa = PBXNativeTarget;
			buildConfigurationList = FFC47F3C1F04D5A400D3D24F /* Build configuration list for PBXNativeTarget "EditAndButtonTests" */;
			buildPhases = (
				FFC47F211F04D5A400D3D24F /* Sources */,
				FFC47F221F04D5A400D3D24F /* Frameworks */,
				FFC47F231F04D5A400D3D24F /* Resources */,
			);
			buildRules = (
			);
			dependencies = (
				FFC47F271F04D5A400D3D24F /* PBXTargetDependency */,
			);
			name = EditAndButtonTests;
			productName = EditAndButtonTests;
			productReference = FFC47F251F04D5A400D3D24F /* EditAndButtonTests.xctest */;
			productType = "com.apple.product-type.bundle.unit-test";
		};
		FFC47F2F1F04D5A400D3D24F /* EditAndButtonUITests */ = {
			isa = PBXNativeTarget;
			buildConfigurationList = FFC47F3F1F04D5A400D3D24F /* Build configuration list for PBXNativeTarget "EditAndButtonUITests" */;
			buildPhases = (
				FFC47F2C1F04D5A400D3D24F /* Sources */,
				FFC47F2D1F04D5A400D3D24F /* Frameworks */,
				FFC47F2E1F04D5A400D3D24F /* Resources */,
			);
			buildRules = (
			);
			dependencies = (
				FFC47F321F04D5A400D3D24F /* PBXTargetDependency */,
			);
			name = EditAndButtonUITests;
			productName = EditAndButtonUITests;
			productReference = FFC47F301F04D5A400D3D24F /* EditAndButtonUITests.xctest */;
			productType = "com.apple.product-type.bundle.ui-testing";
		};
/* End PBXNativeTarget section */

/* Begin PBXProject section */
		FFC47F091F04D5A400D3D24F /* Project object */ = {
			isa = PBXProject;
			attributes = {
				LastSwiftUpdateCheck = 0830;
				LastUpgradeCheck = 0830;
				ORGANIZATIONNAME = "孙炜";
				TargetAttributes = {
					FFC47F101F04D5A400D3D24F = {
						CreatedOnToolsVersion = 8.3.3;
						DevelopmentTeam = PDMWAK4UT8;
						ProvisioningStyle = Automatic;
					};
					FFC47F241F04D5A400D3D24F = {
						CreatedOnToolsVersion = 8.3.3;
						DevelopmentTeam = PDMWAK4UT8;
						ProvisioningStyle = Automatic;
						TestTargetID = FFC47F101F04D5A400D3D24F;
					};
					FFC47F2F1F04D5A400D3D24F = {
						CreatedOnToolsVersion = 8.3.3;
						DevelopmentTeam = PDMWAK4UT8;
						ProvisioningStyle = Automatic;
						TestTargetID = FFC47F101F04D5A400D3D24F;
					};
				};
			};
			buildConfigurationList = FFC47F0C1F04D5A400D3D24F /* Build configuration list for PBXProject "EditAndButton" */;
			compatibilityVersion = "Xcode 3.2";
			developmentRegion = English;
			hasScannedForEncodings = 0;
			knownRegions = (
				en,
				Base,
			);
			mainGroup = FFC47F081F04D5A400D3D24F;
			productRefGroup = FFC47F121F04D5A400D3D24F /* Products */;
			projectDirPath = "";
			projectRoot = "";
			targets = (
				FFC47F101F04D5A400D3D24F /* EditAndButton */,
				FFC47F241F04D5A400D3D24F /* EditAndButtonTests */,
				FFC47F2F1F04D5A400D3D24F /* EditAndButtonUITests */,
			);
		};
/* End PBXProject section */

/* Begin PBXResourcesBuildPhase section */
		FFC47F0F1F04D5A400D3D24F /* Resources */ = {
			isa = PBXResourcesBuildPhase;
			buildActionMask = 2147483647;
			files = (
				FFC47F1F1F04D5A400D3D24F /* LaunchScreen.storyboard in Resources */,
				FFC47F1C1F04D5A400D3D24F /* Assets.xcassets in Resources */,
				FFC47F1A1F04D5A400D3D24F /* Main.storyboard in Resources */,
			);
			runOnlyForDeploymentPostprocessing = 0;
		};
		FFC47F231F04D5A400D3D24F /* Resources */ = {
			isa = PBXResourcesBuildPhase;
			buildActionMask = 2147483647;
			files = (
			);
			runOnlyForDeploymentPostprocessing = 0;
		};
		FFC47F2E1F04D5A400D3D24F /* Resources */ = {
			isa = PBXResourcesBuildPhase;
			buildActionMask = 2147483647;
			files = (
			);
			runOnlyForDeploymentPostprocessing = 0;
		};
/* End PBXResourcesBuildPhase section */

/* Begin PBXSourcesBuildPhase section */
		FFC47F0D1F04D5A400D3D24F /* Sources */ = {
			isa = PBXSourcesBuildPhase;
			buildActionMask = 2147483647;
			files = (
				FFC47F171F04D5A400D3D24F /* ViewController.swift in Sources */,
				FFC47F151F04D5A400D3D24F /* AppDelegate.swift in Sources */,
			);
			runOnlyForDeploymentPostprocessing = 0;
		};
		FFC47F211F04D5A400D3D24F /* Sources */ = {
			isa = PBXSourcesBuildPhase;
			buildActionMask = 2147483647;
			files = (
				FFC47F2A1F04D5A400D3D24F /* EditAndButtonTests.swift in Sources */,
			);
			runOnlyForDeploymentPostprocessing = 0;
		};
		FFC47F2C1F04D5A400D3D24F /* Sources */ = {
			isa = PBXSourcesBuildPhase;
			buildActionMask = 2147483647;
			files = (
				FFC47F351F04D5A400D3D24F /* EditAndButtonUITests.swift in Sources */,
			);
			runOnlyForDeploymentPostprocessing = 0;
		};
/* End PBXSourcesBuildPhase section */

/* Begin PBXTargetDependency section */
		FFC47F271F04D5A400D3D24F /* PBXTargetDependency */ = {
			isa = PBXTargetDependency;
			target = FFC47F101F04D5A400D3D24F /* EditAndButton */;
			targetProxy = FFC47F261F04D5A400D3D24F /* PBXContainerItemProxy */;
		};
		FFC47F321F04D5A400D3D24F /* PBXTargetDependency */ = {
			isa = PBXTargetDependency;
			target = FFC47F101F04D5A400D3D24F /* EditAndButton */;
			targetProxy = FFC47F311F04D5A400D3D24F /* PBXContainerItemProxy */;
		};
/* End PBXTargetDependency section */

/* Begin PBXVariantGroup section */
		FFC47F181F04D5A400D3D24F /* Main.storyboard */ = {
			isa = PBXVariantGroup;
			children = (
				FFC47F191F04D5A400D3D24F /* Base */,
			);
			name = Main.storyboard;
			sourceTree = "<group>";
		};
		FFC47F1D1F04D5A400D3D24F /* LaunchScreen.storyboard */ = {
			isa = PBXVariantGroup;
			children = (
				FFC47F1E1F04D5A400D3D24F /* Base */,
			);
			name = LaunchScreen.storyboard;
			sourceTree = "<group>";
		};
/* End PBXVariantGroup section */

/* Begin XCBuildConfiguration section */
		FFC47F371F04D5A400D3D24F /* Debug */ = {
			isa = XCBuildConfiguration;
			buildSettings = {
				ALWAYS_SEARCH_USER_PATHS = NO;
				CLANG_ANALYZER_NONNULL = YES;
				CLANG_ANALYZER_NUMBER_OBJECT_CONVERSION = YES_AGGRESSIVE;
				CLANG_CXX_LANGUAGE_STANDARD = "gnu++0x";
				CLANG_CXX_LIBRARY = "libc++";
				CLANG_ENABLE_MODULES = YES;
				CLANG_ENABLE_OBJC_ARC = YES;
				CLANG_WARN_BOOL_CONVERSION = YES;
				CLANG_WARN_CONSTANT_CONVERSION = YES;
				CLANG_WARN_DIRECT_OBJC_ISA_USAGE = YES_ERROR;
				CLANG_WARN_DOCUMENTATION_COMMENTS = YES;
				CLANG_WARN_EMPTY_BODY = YES;
				CLANG_WARN_ENUM_CONVERSION = YES;
				CLANG_WARN_INFINITE_RECURSION = YES;
				CLANG_WARN_INT_CONVERSION = YES;
				CLANG_WARN_OBJC_ROOT_CLASS = YES_ERROR;
				CLANG_WARN_SUSPICIOUS_MOVE = YES;
				CLANG_WARN_UNREACHABLE_CODE = YES;
				CLANG_WARN__DUPLICATE_METHOD_MATCH = YES;
				"CODE_SIGN_IDENTITY[sdk=iphoneos*]" = "iPhone Developer";
				COPY_PHASE_STRIP = NO;
				DEBUG_INFORMATION_FORMAT = dwarf;
				ENABLE_STRICT_OBJC_MSGSEND = YES;
				ENABLE_TESTABILITY = YES;
				GCC_C_LANGUAGE_STANDARD = gnu99;
				GCC_DYNAMIC_NO_PIC = NO;
				GCC_NO_COMMON_BLOCKS = YES;
				GCC_OPTIMIZATION_LEVEL = 0;
				GCC_PREPROCESSOR_DEFINITIONS = (
					"DEBUG=1",
					"$(inherited)",
				);
				GCC_WARN_64_TO_32_BIT_CONVERSION = YES;
				GCC_WARN_ABOUT_RETURN_TYPE = YES_ERROR;
				GCC_WARN_UNDECLARED_SELECTOR = YES;
				GCC_WARN_UNINITIALIZED_AUTOS = YES_AGGRESSIVE;
				GCC_WARN_UNUSED_FUNCTION = YES;
				GCC_WARN_UNUSED_VARIABLE = YES;
				IPHONEOS_DEPLOYMENT_TARGET = 10.3;
				MTL_ENABLE_DEBUG_INFO = YES;
				ONLY_ACTIVE_ARCH = YES;
				SDKROOT = iphoneos;
				SWIFT_ACTIVE_COMPILATION_CONDITIONS = DEBUG;
				SWIFT_OPTIMIZATION_LEVEL = "-Onone";
				TARGETED_DEVICE_FAMILY = "1,2";
			};
			name = Debug;
		};
		FFC47F381F04D5A400D3D24F /* Release */ = {
			isa = XCBuildConfiguration;
			buildSettings = {
				ALWAYS_SEARCH_USER_PATHS = NO;
				CLANG_ANALYZER_NONNULL = YES;
				CLANG_ANALYZER_NUMBER_OBJECT_CONVERSION = YES_AGGRESSIVE;
				CLANG_CXX_LANGUAGE_STANDARD = "gnu++0x";
				CLANG_CXX_LIBRARY = "libc++";
				CLANG_ENABLE_MODULES = YES;
				CLANG_ENABLE_OBJC_ARC = YES;
				CLANG_WARN_BOOL_CONVERSION = YES;
				CLANG_WARN_CONSTANT_CONVERSION = YES;
				CLANG_WARN_DIRECT_OBJC_ISA_USAGE = YES_ERROR;
				CLANG_WARN_DOCUMENTATION_COMMENTS = YES;
				CLANG_WARN_EMPTY_BODY = YES;
				CLANG_WARN_ENUM_CONVERSION = YES;
				CLANG_WARN_INFINITE_RECURSION = YES;
				CLANG_WARN_INT_CONVERSION = YES;
				CLANG_WARN_OBJC_ROOT_CLASS = YES_ERROR;
				CLANG_WARN_SUSPICIOUS_MOVE = YES;
				CLANG_WARN_UNREACHABLE_CODE = YES;
				CLANG_WARN__DUPLICATE_METHOD_MATCH = YES;
				"CODE_SIGN_IDENTITY[sdk=iphoneos*]" = "iPhone Developer";
				COPY_PHASE_STRIP = NO;
				DEBUG_INFORMATION_FORMAT = "dwarf-with-dsym";
				ENABLE_NS_ASSERTIONS = NO;
				ENABLE_STRICT_OBJC_MSGSEND = YES;
				GCC_C_LANGUAGE_STANDARD = gnu99;
				GCC_NO_COMMON_BLOCKS = YES;
				GCC_WARN_64_TO_32_BIT_CONVERSION = YES;
				GCC_WARN_ABOUT_RETURN_TYPE = YES_ERROR;
				GCC_WARN_UNDECLARED_SELECTOR = YES;
				GCC_WARN_UNINITIALIZED_AUTOS = YES_AGGRESSIVE;
				GCC_WARN_UNUSED_FUNCTION = YES;
				GCC_WARN_UNUSED_VARIABLE = YES;
				IPHONEOS_DEPLOYMENT_TARGET = 10.3;
				MTL_ENABLE_DEBUG_INFO = NO;
				SDKROOT = iphoneos;
				SWIFT_OPTIMIZATION_LEVEL = "-Owholemodule";
				TARGETED_DEVICE_FAMILY = "1,2";
				VALIDATE_PRODUCT = YES;
			};
			name = Release;
		};
		FFC47F3A1F04D5A400D3D24F /* Debug */ = {
			isa = XCBuildConfiguration;
			buildSettings = {
				ASSETCATALOG_COMPILER_APPICON_NAME = AppIcon;
				DEVELOPMENT_TEAM = PDMWAK4UT8;
				INFOPLIST_FILE = EditAndButton/Info.plist;
				LD_RUNPATH_SEARCH_PATHS = "$(inherited) @executable_path/Frameworks";
				PRODUCT_BUNDLE_IDENTIFIER = Com.Sw.EditAndButton;
				PRODUCT_NAME = "$(TARGET_NAME)";
				SWIFT_VERSION = 3.0;
			};
			name = Debug;
		};
		FFC47F3B1F04D5A400D3D24F /* Release */ = {
			isa = XCBuildConfiguration;
			buildSettings = {
				ASSETCATALOG_COMPILER_APPICON_NAME = AppIcon;
				DEVELOPMENT_TEAM = PDMWAK4UT8;
				INFOPLIST_FILE = EditAndButton/Info.plist;
				LD_RUNPATH_SEARCH_PATHS = "$(inherited) @executable_path/Frameworks";
				PRODUCT_BUNDLE_IDENTIFIER = Com.Sw.EditAndButton;
				PRODUCT_NAME = "$(TARGET_NAME)";
				SWIFT_VERSION = 3.0;
			};
			name = Release;
		};
		FFC47F3D1F04D5A400D3D24F /* Debug */ = {
			isa = XCBuildConfiguration;
			buildSettings = {
				ALWAYS_EMBED_SWIFT_STANDARD_LIBRARIES = YES;
				BUNDLE_LOADER = "$(TEST_HOST)";
				DEVELOPMENT_TEAM = PDMWAK4UT8;
				INFOPLIST_FILE = EditAndButtonTests/Info.plist;
				LD_RUNPATH_SEARCH_PATHS = "$(inherited) @executable_path/Frameworks @loader_path/Frameworks";
				PRODUCT_BUNDLE_IDENTIFIER = Com.Sw.EditAndButtonTests;
				PRODUCT_NAME = "$(TARGET_NAME)";
				SWIFT_VERSION = 3.0;
				TEST_HOST = "$(BUILT_PRODUCTS_DIR)/EditAndButton.app/EditAndButton";
			};
			name = Debug;
		};
		FFC47F3E1F04D5A400D3D24F /* Release */ = {
			isa = XCBuildConfiguration;
			buildSettings = {
				ALWAYS_EMBED_SWIFT_STANDARD_LIBRARIES = YES;
				BUNDLE_LOADER = "$(TEST_HOST)";
				DEVELOPMENT_TEAM = PDMWAK4UT8;
				INFOPLIST_FILE = EditAndButtonTests/Info.plist;
				LD_RUNPATH_SEARCH_PATHS = "$(inherited) @executable_path/Frameworks @loader_path/Frameworks";
				PRODUCT_BUNDLE_IDENTIFIER = Com.Sw.EditAndButtonTests;
				PRODUCT_NAME = "$(TARGET_NAME)";
				SWIFT_VERSION = 3.0;
				TEST_HOST = "$(BUILT_PRODUCTS_DIR)/EditAndButton.app/EditAndButton";
			};
			name = Release;
		};
		FFC47F401F04D5A400D3D24F /* Debug */ = {
			isa = XCBuildConfiguration;
			buildSettings = {
				ALWAYS_EMBED_SWIFT_STANDARD_LIBRARIES = YES;
				DEVELOPMENT_TEAM = PDMWAK4UT8;
				INFOPLIST_FILE = EditAndButtonUITests/Info.plist;
				LD_RUNPATH_SEARCH_PATHS = "$(inherited) @executable_path/Frameworks @loader_path/Frameworks";
				PRODUCT_BUNDLE_IDENTIFIER = Com.Sw.EditAndButtonUITests;
				PRODUCT_NAME = "$(TARGET_NAME)";
				SWIFT_VERSION = 3.0;
				TEST_TARGET_NAME = EditAndButton;
			};
			name = Debug;
		};
		FFC47F411F04D5A400D3D24F /* Release */ = {
			isa = XCBuildConfiguration;
			buildSettings = {
				ALWAYS_EMBED_SWIFT_STANDARD_LIBRARIES = YES;
				DEVELOPMENT_TEAM = PDMWAK4UT8;
				INFOPLIST_FILE = EditAndButtonUITests/Info.plist;
				LD_RUNPATH_SEARCH_PATHS = "$(inherited) @executable_path/Frameworks @loader_path/Frameworks";
				PRODUCT_BUNDLE_IDENTIFIER = Com.Sw.EditAndButtonUITests;
				PRODUCT_NAME = "$(TARGET_NAME)";
				SWIFT_VERSION = 3.0;
				TEST_TARGET_NAME = EditAndButton;
			};
			name = Release;
		};
/* End XCBuildConfiguration section */

/* Begin XCConfigurationList section */
		FFC47F0C1F04D5A400D3D24F /* Build configuration list for PBXProject "EditAndButton" */ = {
			isa = XCConfigurationList;
			buildConfigurations = (
				FFC47F371F04D5A400D3D24F /* Debug */,
				FFC47F381F04D5A400D3D24F /* Release */,
			);
			defaultConfigurationIsVisible = 0;
			defaultConfigurationName = Release;
		};
		FFC47F391F04D5A400D3D24F /* Build configuration list for PBXNativeTarget "EditAndButton" */ = {
			isa = XCConfigurationList;
			buildConfigurations = (
				FFC47F3A1F04D5A400D3D24F /* Debug */,
				FFC47F3B1F04D5A400D3D24F /* Release */,
			);
			defaultConfigurationIsVisible = 0;
			defaultConfigurationName = Release;
		};
		FFC47F3C1F04D5A400D3D24F /* Build configuration list for PBXNativeTarget "EditAndButtonTests" */ = {
			isa = XCConfigurationList;
			buildConfigurations = (
				FFC47F3D1F04D5A400D3D24F /* Debug */,
				FFC47F3E1F04D5A400D3D24F /* Release */,
			);
			defaultConfigurationIsVisible = 0;
			defaultConfigurationName = Release;
		};
		FFC47F3F1F04D5A400D3D24F /* Build configuration list for PBXNativeTarget "EditAndButtonUITests" */ = {
			isa = XCConfigurationList;
			buildConfigurations = (
				FFC47F401F04D5A400D3D24F /* Debug */,
				FFC47F411F04D5A400D3D24F /* Release */,
			);
			defaultConfigurationIsVisible = 0;
			defaultConfigurationName = Release;
		};
/* End XCConfigurationList section */
	};
	rootObject = FFC47F091F04D5A400D3D24F /* Project object */;
}
